{
    "requires": true,
    "lockfileVersion": 1,
    "dependencies": {
        "eslint-plugin-ckeditor5-rules": {
            "version": "4.0.0",
            "resolved": "https://registry.npmjs.org/eslint-plugin-ckeditor5-rules/-/eslint-plugin-ckeditor5-rules-4.0.0.tgz",
            "integrity": "sha512-zjePsfFahvkytgyWZtWOwaWyhXMUalTTQwXQ4XbX0x000R/4YmZh64ikCSJuW8v6acfvQcbFtCdXn/8+dipYKg==",
            "dev": true
        }
    }
}
